Microsoft Visual Studio Solution File, Format Version 12.00
# Visual Studio 15
VisualStudioVersion = 15.0.27004.2010
MinimumVisualStudioVersion = 10.0.40219.1
Project("{F184B08F-C81C-45F6-A57F-5ABD9991F28F}") = "MVCxDashboard_CustomFillService", "MVCxDashboard_CustomFillService\MVCxDashboard_CustomFillService.vbproj", "{BEF1051F-1D92-42FB-B9F4-2452A57EF85E}"
EndProject
Global
	GlobalSection(SolutionConfigurationPlatforms) = preSolution
		Debug|Any CPU = Debug|Any CPU
		Release|Any CPU = Release|Any CPU
	EndGlobalSection
	GlobalSection(ProjectConfigurationPlatforms) = postSolution
		{BEF1051F-1D92-42FB-B9F4-2452A57EF85E}.Debug|Any CPU.ActiveCfg = Debug|Any CPU
		{BEF1051F-1D92-42FB-B9F4-2452A57EF85E}.Debug|Any CPU.Build.0 = Debug|Any CPU
		{BEF1051F-1D92-42FB-B9F4-2452A57EF85E}.Release|Any CPU.ActiveCfg = Release|Any CPU
		{BEF1051F-1D92-42FB-B9F4-2452A57EF85E}.Release|Any CPU.Build.0 = Release|Any CPU
	EndGlobalSection
	GlobalSection(SolutionProperties) = preSolution
		HideSolutionNode = FALSE
	EndGlobalSection
	GlobalSection(ExtensibilityGlobals) = postSolution
		SolutionGuid = {4958D21B-D3CE-499C-989B-6DB0E0665E3E}
	EndGlobalSection
EndGlobal
